// !$*UTF8*$!
{
	archiveVersion = 1;
	classes = {
	};
	objectVersion = 50;
	objects = {

/* Begin PBXBuildFile section */
		6212FB1625CE365800516509 /* MainTableViewController.swift in Sources */ = {isa = PBXBuildFile; fileRef = 6212FB1525CE365800516509 /* MainTableViewController.swift */; };
		6212FB1C25CE367900516509 /* CityWeatherCell.swift in Sources */ = {isa = PBXBuildFile; fileRef = 6212FB1A25CE367900516509 /* CityWeatherCell.swift */; };
		6212FB1D25CE367900516509 /* CityWeatherCell.xib in Resources */ = {isa = PBXBuildFile; fileRef = 6212FB1B25CE367900516509 /* CityWeatherCell.xib */; };
		6212FB2625CE36D700516509 /* WeatherData.swift in Sources */ = {isa = PBXBuildFile; fileRef = 6212FB2525CE36D700516509 /* WeatherData.swift */; };
		6212FB2B25CE38F700516509 /* NetworkClient.swift in Sources */ = {isa = PBXBuildFile; fileRef = 6212FB2A25CE38F700516509 /* NetworkClient.swift */; };
		6212FB3025CE3E3600516509 /* City.swift in Sources */ = {isa = PBXBuildFile; fileRef = 6212FB2F25CE3E3600516509 /* City.swift */; };
		6212FB3525CE3E8E00516509 /* DataStorage.swift in Sources */ = {isa = PBXBuildFile; fileRef = 6212FB3425CE3E8E00516509 /* DataStorage.swift */; };
		6252E1F025CFD836009D765F /* File.swift in Sources */ = {isa = PBXBuildFile; fileRef = 6252E1EF25CFD836009D765F /* File.swift */; };
		6276508226096D3300637B4C /* TouchableTableViewCell.swift in Sources */ = {isa = PBXBuildFile; fileRef = 6276508126096D3300637B4C /* TouchableTableViewCell.swift */; };
		6276508626096D9300637B4C /* CityWeatherCellViewModel.swift in Sources */ = {isa = PBXBuildFile; fileRef = 6276508526096D9300637B4C /* CityWeatherCellViewModel.swift */; };
		6276508C26096E2E00637B4C /* WebImageCache.swift in Sources */ = {isa = PBXBuildFile; fileRef = 6276508B26096E2E00637B4C /* WebImageCache.swift */; };
		62777F3425CE356000E8260C /* AppDelegate.swift in Sources */ = {isa = PBXBuildFile; fileRef = 62777F3325CE356000E8260C /* AppDelegate.swift */; };
		62777F3625CE356000E8260C /* SceneDelegate.swift in Sources */ = {isa = PBXBuildFile; fileRef = 62777F3525CE356000E8260C /* SceneDelegate.swift */; };
		62777F3B25CE356000E8260C /* Main.storyboard in Resources */ = {isa = PBXBuildFile; fileRef = 62777F3925CE356000E8260C /* Main.storyboard */; };
		62777F3D25CE356100E8260C /* Assets.xcassets in Resources */ = {isa = PBXBuildFile; fileRef = 62777F3C25CE356100E8260C /* Assets.xcassets */; };
		62777F4025CE356100E8260C /* LaunchScreen.storyboard in Resources */ = {isa = PBXBuildFile; fileRef = 62777F3E25CE356100E8260C /* LaunchScreen.storyboard */; };
		62777F4B25CE356100E8260C /* Weather_SampleTests.swift in Sources */ = {isa = PBXBuildFile; fileRef = 62777F4A25CE356100E8260C /* Weather_SampleTests.swift */; };
		62DEBF9125CE468100EFA3AF /* SearchCityVC.swift in Sources */ = {isa = PBXBuildFile; fileRef = 62DEBF9025CE468100EFA3AF /* SearchCityVC.swift */; };
		62DEBF9625CE4E7B00EFA3AF /* DetailedWeatherVC.swift in Sources */ = {isa = PBXBuildFile; fileRef = 62DEBF9525CE4E7B00EFA3AF /* DetailedWeatherVC.swift */; };
		62DEBF9B25CE4F6B00EFA3AF /* Enums.swift in Sources */ = {isa = PBXBuildFile; fileRef = 62DEBF9A25CE4F6B00EFA3AF /* Enums.swift */; };
		62DEBFA025CE531900EFA3AF /* DetailedWeatherVC+TableView.swift in Sources */ = {isa = PBXBuildFile; fileRef = 62DEBF9F25CE531900EFA3AF /* DetailedWeatherVC+TableView.swift */; };
		62DEBFA525CE5A7800EFA3AF /* Extentions.swift in Sources */ = {isa = PBXBuildFile; fileRef = 62DEBFA425CE5A7800EFA3AF /* Extentions.swift */; };
/* End PBXBuildFile section */

/* Begin PBXContainerItemProxy section */
		62777F4725CE356100E8260C /* PBXContainerItemProxy */ = {
			isa = PBXContainerItemProxy;
			containerPortal = 62777F2825CE356000E8260C /* Project object */;
			proxyType = 1;
			remoteGlobalIDString = 62777F2F25CE356000E8260C;
			remoteInfo = "Weather Sample";
		};
/* End PBXContainerItemProxy section */

/* Begin PBXFileReference section */
		6212FB1525CE365800516509 /* MainTableViewController.swift */ = {isa = PBXFileReference; lastKnownFileType = sourcecode.swift; path = MainTableViewController.swift; sourceTree = "<group>"; };
		6212FB1A25CE367900516509 /* CityWeatherCell.swift */ = {isa = PBXFileReference; lastKnownFileType = sourcecode.swift; path = CityWeatherCell.swift; sourceTree = "<group>"; };
		6212FB1B25CE367900516509 /* CityWeatherCell.xib */ = {isa = PBXFileReference; lastKnownFileType = file.xib; path = CityWeatherCell.xib; sourceTree = "<group>"; };
		6212FB2525CE36D700516509 /* WeatherData.swift */ = {isa = PBXFileReference; lastKnownFileType = sourcecode.swift; path = WeatherData.swift; sourceTree = "<group>"; };
		6212FB2A25CE38F700516509 /* NetworkClient.swift */ = {isa = PBXFileReference; lastKnownFileType = sourcecode.swift; path = NetworkClient.swift; sourceTree = "<group>"; };
		6212FB2F25CE3E3600516509 /* City.swift */ = {isa = PBXFileReference; lastKnownFileType = sourcecode.swift; path = City.swift; sourceTree = "<group>"; };
		6212FB3425CE3E8E00516509 /* DataStorage.swift */ = {isa = PBXFileReference; lastKnownFileType = sourcecode.swift; path = DataStorage.swift; sourceTree = "<group>"; };
		6252E1EF25CFD836009D765F /* File.swift */ = {isa = PBXFileReference; lastKnownFileType = sourcecode.swift; path = File.swift; sourceTree = "<group>"; };
		6276508126096D3300637B4C /* TouchableTableViewCell.swift */ = {isa = PBXFileReference; lastKnownFileType = sourcecode.swift; path = TouchableTableViewCell.swift; sourceTree = "<group>"; };
		6276508526096D9300637B4C /* CityWeatherCellViewModel.swift */ = {isa = PBXFileReference; lastKnownFileType = sourcecode.swift; path = CityWeatherCellViewModel.swift; sourceTree = "<group>"; };
		6276508B26096E2E00637B4C /* WebImageCache.swift */ = {isa = PBXFileReference; lastKnownFileType = sourcecode.swift; path = WebImageCache.swift; sourceTree = "<group>"; };
		62777F3025CE356000E8260C /* Weather Sample.app */ = {isa = PBXFileReference; explicitFileType = wrapper.application; includeInIndex = 0; path = "Weather Sample.app"; sourceTree = BUILT_PRODUCTS_DIR; };
		62777F3325CE356000E8260C /* AppDelegate.swift */ = {isa = PBXFileReference; lastKnownFileType = sourcecode.swift; path = AppDelegate.swift; sourceTree = "<group>"; };
		62777F3525CE356000E8260C /* SceneDelegate.swift */ = {isa = PBXFileReference; lastKnownFileType = sourcecode.swift; path = SceneDelegate.swift; sourceTree = "<group>"; };
		62777F3A25CE356000E8260C /* Base */ = {isa = PBXFileReference; lastKnownFileType = file.storyboard; name = Base; path = Base.lproj/Main.storyboard; sourceTree = "<group>"; };
		62777F3C25CE356100E8260C /* Assets.xcassets */ = {isa = PBXFileReference; lastKnownFileType = folder.assetcatalog; path = Assets.xcassets; sourceTree = "<group>"; };
		62777F3F25CE356100E8260C /* Base */ = {isa = PBXFileReference; lastKnownFileType = file.storyboard; name = Base; path = Base.lproj/LaunchScreen.storyboard; sourceTree = "<group>"; };
		62777F4125CE356100E8260C /* Info.plist */ = {isa = PBXFileReference; lastKnownFileType = text.plist.xml; path = Info.plist; sourceTree = "<group>"; };
		62777F4625CE356100E8260C /* Weather SampleTests.xctest */ = {isa = PBXFileReference; explicitFileType = wrapper.cfbundle; includeInIndex = 0; path = "Weather SampleTests.xctest"; sourceTree = BUILT_PRODUCTS_DIR; };
		62777F4A25CE356100E8260C /* Weather_SampleTests.swift */ = {isa = PBXFileReference; lastKnownFileType = sourcecode.swift; path = Weather_SampleTests.swift; sourceTree = "<group>"; };
		62777F4C25CE356100E8260C /* Info.plist */ = {isa = PBXFileReference; lastKnownFileType = text.plist.xml; path = Info.plist; sourceTree = "<group>"; };
		62DEBF9025CE468100EFA3AF /* SearchCityVC.swift */ = {isa = PBXFileReference; lastKnownFileType = sourcecode.swift; path = SearchCityVC.swift; sourceTree = "<group>"; };
		62DEBF9525CE4E7B00EFA3AF /* DetailedWeatherVC.swift */ = {isa = PBXFileReference; lastKnownFileType = sourcecode.swift; path = DetailedWeatherVC.swift; sourceTree = "<group>"; };
		62DEBF9A25CE4F6B00EFA3AF /* Enums.swift */ = {isa = PBXFileReference; lastKnownFileType = sourcecode.swift; path = Enums.swift; sourceTree = "<group>"; };
		62DEBF9F25CE531900EFA3AF /* DetailedWeatherVC+TableView.swift */ = {isa = PBXFileReference; lastKnownFileType = sourcecode.swift; path = "DetailedWeatherVC+TableView.swift"; sourceTree = "<group>"; };
		62DEBFA425CE5A7800EFA3AF /* Extentions.swift */ = {isa = PBXFileReference; lastKnownFileType = sourcecode.swift; path = Extentions.swift; sourceTree = "<group>"; };
/* End PBXFileReference section */

/* Begin PBXFrameworksBuildPhase section */
		62777F2D25CE356000E8260C /* Frameworks */ = {
			isa = PBXFrameworksBuildPhase;
			buildActionMask = 2147483647;
			files = (
			);
			runOnlyForDeploymentPostprocessing = 0;
		};
		62777F4325CE356100E8260C /* Frameworks */ = {
			isa = PBXFrameworksBuildPhase;
			buildActionMask = 2147483647;
			files = (
			);
			runOnlyForDeploymentPostprocessing = 0;
		};
/* End PBXFrameworksBuildPhase section */

/* Begin PBXGroup section */
		6212FB2125CE369A00516509 /* View */ = {
			isa = PBXGroup;
			children = (
				6212FB1A25CE367900516509 /* CityWeatherCell.swift */,
				6212FB1B25CE367900516509 /* CityWeatherCell.xib */,
			);
			path = View;
			sourceTree = "<group>";
		};
		6212FB2225CE36A300516509 /* VCs */ = {
			isa = PBXGroup;
			children = (
				62777F3925CE356000E8260C /* Main.storyboard */,
				6212FB1525CE365800516509 /* MainTableViewController.swift */,
				62DEBF9025CE468100EFA3AF /* SearchCityVC.swift */,
				62DEBF9525CE4E7B00EFA3AF /* DetailedWeatherVC.swift */,
				62DEBF9F25CE531900EFA3AF /* DetailedWeatherVC+TableView.swift */,
			);
			path = VCs;
			sourceTree = "<group>";
		};
		6212FB2325CE36B500516509 /* Support Files */ = {
			isa = PBXGroup;
			children = (
				6212FB3425CE3E8E00516509 /* DataStorage.swift */,
				6212FB2A25CE38F700516509 /* NetworkClient.swift */,
				62DEBFA425CE5A7800EFA3AF /* Extentions.swift */,
				6276508126096D3300637B4C /* TouchableTableViewCell.swift */,
				6276508B26096E2E00637B4C /* WebImageCache.swift */,
			);
			path = "Support Files";
			sourceTree = "<group>";
		};
		6212FB2425CE36C400516509 /* Models */ = {
			isa = PBXGroup;
			children = (
				6212FB2525CE36D700516509 /* WeatherData.swift */,
				6212FB2F25CE3E3600516509 /* City.swift */,
				62DEBF9A25CE4F6B00EFA3AF /* Enums.swift */,
				6276508526096D9300637B4C /* CityWeatherCellViewModel.swift */,
			);
			path = Models;
			sourceTree = "<group>";
		};
		62777F2725CE356000E8260C = {
			isa = PBXGroup;
			children = (
				6252E1EF25CFD836009D765F /* File.swift */,
				62777F3225CE356000E8260C /* Weather Sample */,
				62777F4925CE356100E8260C /* Weather SampleTests */,
				62777F3125CE356000E8260C /* Products */,
			);
			sourceTree = "<group>";
		};
		62777F3125CE356000E8260C /* Products */ = {
			isa = PBXGroup;
			children = (
				62777F3025CE356000E8260C /* Weather Sample.app */,
				62777F4625CE356100E8260C /* Weather SampleTests.xctest */,
			);
			name = Products;
			sourceTree = "<group>";
		};
		62777F3225CE356000E8260C /* Weather Sample */ = {
			isa = PBXGroup;
			children = (
				6212FB2425CE36C400516509 /* Models */,
				6212FB2325CE36B500516509 /* Support Files */,
				6212FB2225CE36A300516509 /* VCs */,
				6212FB2125CE369A00516509 /* View */,
				62777F3325CE356000E8260C /* AppDelegate.swift */,
				62777F3525CE356000E8260C /* SceneDelegate.swift */,
				62777F3C25CE356100E8260C /* Assets.xcassets */,
				62777F3E25CE356100E8260C /* LaunchScreen.storyboard */,
				62777F4125CE356100E8260C /* Info.plist */,
			);
			path = "Weather Sample";
			sourceTree = "<group>";
		};
		62777F4925CE356100E8260C /* Weather SampleTests */ = {
			isa = PBXGroup;
			children = (
				62777F4A25CE356100E8260C /* Weather_SampleTests.swift */,
				62777F4C25CE356100E8260C /* Info.plist */,
			);
			path = "Weather SampleTests";
			sourceTree = "<group>";
		};
/* End PBXGroup section */

/* Begin PBXNativeTarget section */
		62777F2F25CE356000E8260C /* Weather Sample */ = {
			isa = PBXNativeTarget;
			buildConfigurationList = 62777F5A25CE356100E8260C /* Build configuration list for PBXNativeTarget "Weather Sample" */;
			buildPhases = (
				62777F2C25CE356000E8260C /* Sources */,
				62777F2D25CE356000E8260C /* Frameworks */,
				62777F2E25CE356000E8260C /* Resources */,
			);
			buildRules = (
			);
			dependencies = (
			);
			name = "Weather Sample";
			productName = "Weather Sample";
			productReference = 62777F3025CE356000E8260C /* Weather Sample.app */;
			productType = "com.apple.product-type.application";
		};
		62777F4525CE356100E8260C /* Weather SampleTests */ = {
			isa = PBXNativeTarget;
			buildConfigurationList = 62777F5D25CE356100E8260C /* Build configuration list for PBXNativeTarget "Weather SampleTests" */;
			buildPhases = (
				62777F4225CE356100E8260C /* Sources */,
				62777F4325CE356100E8260C /* Frameworks */,
				62777F4425CE356100E8260C /* Resources */,
			);
			buildRules = (
			);
			dependencies = (
				62777F4825CE356100E8260C /* PBXTargetDependency */,
			);
			name = "Weather SampleTests";
			productName = "Weather SampleTests";
			productReference = 62777F4625CE356100E8260C /* Weather SampleTests.xctest */;
			productType = "com.apple.product-type.bundle.unit-test";
		};
/* End PBXNativeTarget section */

/* Begin PBXProject section */
		62777F2825CE356000E8260C /* Project object */ = {
			isa = PBXProject;
			attributes = {
				LastSwiftUpdateCheck = 1240;
				LastUpgradeCheck = 1240;
				TargetAttributes = {
					62777F2F25CE356000E8260C = {
						CreatedOnToolsVersion = 12.4;
					};
					62777F4525CE356100E8260C = {
						CreatedOnToolsVersion = 12.4;
						TestTargetID = 62777F2F25CE356000E8260C;
					};
				};
			};
			buildConfigurationList = 62777F2B25CE356000E8260C /* Build configuration list for PBXProject "Weather Sample" */;
			compatibilityVersion = "Xcode 9.3";
			developmentRegion = en;
			hasScannedForEncodings = 0;
			knownRegions = (
				en,
				Base,
			);
			mainGroup = 62777F2725CE356000E8260C;
			productRefGroup = 62777F3125CE356000E8260C /* Products */;
			projectDirPath = "";
			projectRoot = "";
			targets = (
				62777F2F25CE356000E8260C /* Weather Sample */,
				62777F4525CE356100E8260C /* Weather SampleTests */,
			);
		};
/* End PBXProject section */

/* Begin PBXResourcesBuildPhase section */
		62777F2E25CE356000E8260C /* Resources */ = {
			isa = PBXResourcesBuildPhase;
			buildActionMask = 2147483647;
			files = (
				62777F4025CE356100E8260C /* LaunchScreen.storyboard in Resources */,
				6212FB1D25CE367900516509 /* CityWeatherCell.xib in Resources */,
				62777F3D25CE356100E8260C /* Assets.xcassets in Resources */,
				62777F3B25CE356000E8260C /* Main.storyboard in Resources */,
			);
			runOnlyForDeploymentPostprocessing = 0;
		};
		62777F4425CE356100E8260C /* Resources */ = {
			isa = PBXResourcesBuildPhase;
			buildActionMask = 2147483647;
			files = (
			);
			runOnlyForDeploymentPostprocessing = 0;
		};
/* End PBXResourcesBuildPhase section */

/* Begin PBXSourcesBuildPhase section */
		62777F2C25CE356000E8260C /* Sources */ = {
			isa = PBXSourcesBuildPhase;
			buildActionMask = 2147483647;
			files = (
				62777F3425CE356000E8260C /* AppDelegate.swift in Sources */,
				6212FB2625CE36D700516509 /* WeatherData.swift in Sources */,
				6276508C26096E2E00637B4C /* WebImageCache.swift in Sources */,
				6212FB1C25CE367900516509 /* CityWeatherCell.swift in Sources */,
				6212FB3525CE3E8E00516509 /* DataStorage.swift in Sources */,
				6212FB1625CE365800516509 /* MainTableViewController.swift in Sources */,
				62DEBFA025CE531900EFA3AF /* DetailedWeatherVC+TableView.swift in Sources */,
				62777F3625CE356000E8260C /* SceneDelegate.swift in Sources */,
				62DEBF9125CE468100EFA3AF /* SearchCityVC.swift in Sources */,
				62DEBFA525CE5A7800EFA3AF /* Extentions.swift in Sources */,
				6252E1F025CFD836009D765F /* File.swift in Sources */,
				6212FB2B25CE38F700516509 /* NetworkClient.swift in Sources */,
				6212FB3025CE3E3600516509 /* City.swift in Sources */,
				62DEBF9625CE4E7B00EFA3AF /* DetailedWeatherVC.swift in Sources */,
				62DEBF9B25CE4F6B00EFA3AF /* Enums.swift in Sources */,
				6276508626096D9300637B4C /* CityWeatherCellViewModel.swift in Sources */,
				6276508226096D3300637B4C /* TouchableTableViewCell.swift in Sources */,
			);
			runOnlyForDeploymentPostprocessing = 0;
		};
		62777F4225CE356100E8260C /* Sources */ = {
			isa = PBXSourcesBuildPhase;
			buildActionMask = 2147483647;
			files = (
				62777F4B25CE356100E8260C /* Weather_SampleTests.swift in Sources */,
			);
			runOnlyForDeploymentPostprocessing = 0;
		};
/* End PBXSourcesBuildPhase section */

/* Begin PBXTargetDependency section */
		62777F4825CE356100E8260C /* PBXTargetDependency */ = {
			isa = PBXTargetDependency;
			target = 62777F2F25CE356000E8260C /* Weather Sample */;
			targetProxy = 62777F4725CE356100E8260C /* PBXContainerItemProxy */;
		};
/* End PBXTargetDependency section */

/* Begin PBXVariantGroup section */
		62777F3925CE356000E8260C /* Main.storyboard */ = {
			isa = PBXVariantGroup;
			children = (
				62777F3A25CE356000E8260C /* Base */,
			);
			name = Main.storyboard;
			sourceTree = "<group>";
		};
		62777F3E25CE356100E8260C /* LaunchScreen.storyboard */ = {
			isa = PBXVariantGroup;
			children = (
				62777F3F25CE356100E8260C /* Base */,
			);
			name = LaunchScreen.storyboard;
			sourceTree = "<group>";
		};
/* End PBXVariantGroup section */

/* Begin XCBuildConfiguration section */
		62777F5825CE356100E8260C /* Debug */ = {
			isa = XCBuildConfiguration;
			buildSettings = {
				ALWAYS_SEARCH_USER_PATHS = NO;
				CLANG_ANALYZER_NONNULL = YES;
				CLANG_ANALYZER_NUMBER_OBJECT_CONVERSION = YES_AGGRESSIVE;
				CLANG_CXX_LANGUAGE_STANDARD = "gnu++14";
				CLANG_CXX_LIBRARY = "libc++";
				CLANG_ENABLE_MODULES = YES;
				CLANG_ENABLE_OBJC_ARC = YES;
				CLANG_ENABLE_OBJC_WEAK = YES;
				CLANG_WARN_BLOCK_CAPTURE_AUTORELEASING = YES;
				CLANG_WARN_BOOL_CONVERSION = YES;
				CLANG_WARN_COMMA = YES;
				CLANG_WARN_CONSTANT_CONVERSION = YES;
				CLANG_WARN_DEPRECATED_OBJC_IMPLEMENTATIONS = YES;
				CLANG_WARN_DIRECT_OBJC_ISA_USAGE = YES_ERROR;
				CLANG_WARN_DOCUMENTATION_COMMENTS = YES;
				CLANG_WARN_EMPTY_BODY = YES;
				CLANG_WARN_ENUM_CONVERSION = YES;
				CLANG_WARN_INFINITE_RECURSION = YES;
				CLANG_WARN_INT_CONVERSION = YES;
				CLANG_WARN_NON_LITERAL_NULL_CONVERSION = YES;
				CLANG_WARN_OBJC_IMPLICIT_RETAIN_SELF = YES;
				CLANG_WARN_OBJC_LITERAL_CONVERSION = YES;
				CLANG_WARN_OBJC_ROOT_CLASS = YES_ERROR;
				CLANG_WARN_QUOTED_INCLUDE_IN_FRAMEWORK_HEADER = YES;
				CLANG_WARN_RANGE_LOOP_ANALYSIS = YES;
				CLANG_WARN_STRICT_PROTOTYPES = YES;
				CLANG_WARN_SUSPICIOUS_MOVE = YES;
				CLANG_WARN_UNGUARDED_AVAILABILITY = YES_AGGRESSIVE;
				CLANG_WARN_UNREACHABLE_CODE = YES;
				CLANG_WARN__DUPLICATE_METHOD_MATCH = YES;
				COPY_PHASE_STRIP = NO;
				DEBUG_INFORMATION_FORMAT = dwarf;
				ENABLE_STRICT_OBJC_MSGSEND = YES;
				ENABLE_TESTABILITY = YES;
				GCC_C_LANGUAGE_STANDARD = gnu11;
				GCC_DYNAMIC_NO_PIC = NO;
				GCC_NO_COMMON_BLOCKS = YES;
				GCC_OPTIMIZATION_LEVEL = 0;
				GCC_PREPROCESSOR_DEFINITIONS = (
					"DEBUG=1",
					"$(inherited)",
				);
				GCC_WARN_64_TO_32_BIT_CONVERSION = YES;
				GCC_WARN_ABOUT_RETURN_TYPE = YES_ERROR;
				GCC_WARN_UNDECLARED_SELECTOR = YES;
				GCC_WARN_UNINITIALIZED_AUTOS = YES_AGGRESSIVE;
				GCC_WARN_UNUSED_FUNCTION = YES;
				GCC_WARN_UNUSED_VARIABLE = YES;
				IPHONEOS_DEPLOYMENT_TARGET = 14.4;
				MTL_ENABLE_DEBUG_INFO = INCLUDE_SOURCE;
				MTL_FAST_MATH = YES;
				ONLY_ACTIVE_ARCH = YES;
				SDKROOT = iphoneos;
				SWIFT_ACTIVE_COMPILATION_CONDITIONS = DEBUG;
				SWIFT_OPTIMIZATION_LEVEL = "-Onone";
			};
			name = Debug;
		};
		62777F5925CE356100E8260C /* Release */ = {
			isa = XCBuildConfiguration;
			buildSettings = {
				ALWAYS_SEARCH_USER_PATHS = NO;
				CLANG_ANALYZER_NONNULL = YES;
				CLANG_ANALYZER_NUMBER_OBJECT_CONVERSION = YES_AGGRESSIVE;
				CLANG_CXX_LANGUAGE_STANDARD = "gnu++14";
				CLANG_CXX_LIBRARY = "libc++";
				CLANG_ENABLE_MODULES = YES;
				CLANG_ENABLE_OBJC_ARC = YES;
				CLANG_ENABLE_OBJC_WEAK = YES;
				CLANG_WARN_BLOCK_CAPTURE_AUTORELEASING = YES;
				CLANG_WARN_BOOL_CONVERSION = YES;
				CLANG_WARN_COMMA = YES;
				CLANG_WARN_CONSTANT_CONVERSION = YES;
				CLANG_WARN_DEPRECATED_OBJC_IMPLEMENTATIONS = YES;
				CLANG_WARN_DIRECT_OBJC_ISA_USAGE = YES_ERROR;
				CLANG_WARN_DOCUMENTATION_COMMENTS = YES;
				CLANG_WARN_EMPTY_BODY = YES;
				CLANG_WARN_ENUM_CONVERSION = YES;
				CLANG_WARN_INFINITE_RECURSION = YES;
				CLANG_WARN_INT_CONVERSION = YES;
				CLANG_WARN_NON_LITERAL_NULL_CONVERSION = YES;
				CLANG_WARN_OBJC_IMPLICIT_RETAIN_SELF = YES;
				CLANG_WARN_OBJC_LITERAL_CONVERSION = YES;
				CLANG_WARN_OBJC_ROOT_CLASS = YES_ERROR;
				CLANG_WARN_QUOTED_INCLUDE_IN_FRAMEWORK_HEADER = YES;
				CLANG_WARN_RANGE_LOOP_ANALYSIS = YES;
				CLANG_WARN_STRICT_PROTOTYPES = YES;
				CLANG_WARN_SUSPICIOUS_MOVE = YES;
				CLANG_WARN_UNGUARDED_AVAILABILITY = YES_AGGRESSIVE;
				CLANG_WARN_UNREACHABLE_CODE = YES;
				CLANG_WARN__DUPLICATE_METHOD_MATCH = YES;
				COPY_PHASE_STRIP = NO;
				DEBUG_INFORMATION_FORMAT = "dwarf-with-dsym";
				ENABLE_NS_ASSERTIONS = NO;
				ENABLE_STRICT_OBJC_MSGSEND = YES;
				GCC_C_LANGUAGE_STANDARD = gnu11;
				GCC_NO_COMMON_BLOCKS = YES;
				GCC_WARN_64_TO_32_BIT_CONVERSION = YES;
				GCC_WARN_ABOUT_RETURN_TYPE = YES_ERROR;
				GCC_WARN_UNDECLARED_SELECTOR = YES;
				GCC_WARN_UNINITIALIZED_AUTOS = YES_AGGRESSIVE;
				GCC_WARN_UNUSED_FUNCTION = YES;
				GCC_WARN_UNUSED_VARIABLE = YES;
				IPHONEOS_DEPLOYMENT_TARGET = 14.4;
				MTL_ENABLE_DEBUG_INFO = NO;
				MTL_FAST_MATH = YES;
				SDKROOT = iphoneos;
				SWIFT_COMPILATION_MODE = wholemodule;
				SWIFT_OPTIMIZATION_LEVEL = "-O";
				VALIDATE_PRODUCT = YES;
			};
			name = Release;
		};
		62777F5B25CE356100E8260C /* Debug */ = {
			isa = XCBuildConfiguration;
			buildSettings = {
				ASSETCATALOG_COMPILER_APPICON_NAME = AppIcon;
				ASSETCATALOG_COMPILER_GLOBAL_ACCENT_COLOR_NAME = AccentColor;
				CODE_SIGN_STYLE = Automatic;
				DEVELOPMENT_TEAM = 2QX9SH777P;
				INFOPLIST_FILE = "Weather Sample/Info.plist";
				LD_RUNPATH_SEARCH_PATHS = (
					"$(inherited)",
					"@executable_path/Frameworks",
				);
				PRODUCT_BUNDLE_IDENTIFIER = au.com.lemnosstudio.WeatherSample;
				PRODUCT_NAME = "$(TARGET_NAME)";
				SWIFT_VERSION = 5.0;
				TARGETED_DEVICE_FAMILY = "1,2";
			};
			name = Debug;
		};
		62777F5C25CE356100E8260C /* Release */ = {
			isa = XCBuildConfiguration;
			buildSettings = {
				ASSETCATALOG_COMPILER_APPICON_NAME = AppIcon;
				ASSETCATALOG_COMPILER_GLOBAL_ACCENT_COLOR_NAME = AccentColor;
				CODE_SIGN_STYLE = Automatic;
				DEVELOPMENT_TEAM = 2QX9SH777P;
				INFOPLIST_FILE = "Weather Sample/Info.plist";
				LD_RUNPATH_SEARCH_PATHS = (
					"$(inherited)",
					"@executable_path/Frameworks",
				);
				PRODUCT_BUNDLE_IDENTIFIER = au.com.lemnosstudio.WeatherSample;
				PRODUCT_NAME = "$(TARGET_NAME)";
				SWIFT_VERSION = 5.0;
				TARGETED_DEVICE_FAMILY = "1,2";
			};
			name = Release;
		};
		62777F5E25CE356100E8260C /* Debug */ = {
			isa = XCBuildConfiguration;
			buildSettings = {
				ALWAYS_EMBED_SWIFT_STANDARD_LIBRARIES = YES;
				BUNDLE_LOADER = "$(TEST_HOST)";
				CODE_SIGN_STYLE = Automatic;
				DEVELOPMENT_TEAM = 9T34A835U5;
				INFOPLIST_FILE = "Weather SampleTests/Info.plist";
				IPHONEOS_DEPLOYMENT_TARGET = 14.4;
				LD_RUNPATH_SEARCH_PATHS = (
					"$(inherited)",
					"@executable_path/Frameworks",
					"@loader_path/Frameworks",
				);
				PRODUCT_BUNDLE_IDENTIFIER = "au.com.lemnosstudio.Weather-SampleTests";
				PRODUCT_NAME = "$(TARGET_NAME)";
				SWIFT_VERSION = 5.0;
				TARGETED_DEVICE_FAMILY = "1,2";
				TEST_HOST = "$(BUILT_PRODUCTS_DIR)/Weather Sample.app/Weather Sample";
			};
			name = Debug;
		};
		62777F5F25CE356100E8260C /* Release */ = {
			isa = XCBuildConfiguration;
			buildSettings = {
				ALWAYS_EMBED_SWIFT_STANDARD_LIBRARIES = YES;
				BUNDLE_LOADER = "$(TEST_HOST)";
				CODE_SIGN_STYLE = Automatic;
				DEVELOPMENT_TEAM = 9T34A835U5;
				INFOPLIST_FILE = "Weather SampleTests/Info.plist";
				IPHONEOS_DEPLOYMENT_TARGET = 14.4;
				LD_RUNPATH_SEARCH_PATHS = (
					"$(inherited)",
					"@executable_path/Frameworks",
					"@loader_path/Frameworks",
				);
				PRODUCT_BUNDLE_IDENTIFIER = "au.com.lemnosstudio.Weather-SampleTests";
				PRODUCT_NAME = "$(TARGET_NAME)";
				SWIFT_VERSION = 5.0;
				TARGETED_DEVICE_FAMILY = "1,2";
				TEST_HOST = "$(BUILT_PRODUCTS_DIR)/Weather Sample.app/Weather Sample";
			};
			name = Release;
		};
/* End XCBuildConfiguration section */

/* Begin XCConfigurationList section */
		62777F2B25CE356000E8260C /* Build configuration list for PBXProject "Weather Sample" */ = {
			isa = XCConfigurationList;
			buildConfigurations = (
				62777F5825CE356100E8260C /* Debug */,
				62777F5925CE356100E8260C /* Release */,
			);
			defaultConfigurationIsVisible = 0;
			defaultConfigurationName = Release;
		};
		62777F5A25CE356100E8260C /* Build configuration list for PBXNativeTarget "Weather Sample" */ = {
			isa = XCConfigurationList;
			buildConfigurations = (
				62777F5B25CE356100E8260C /* Debug */,
				62777F5C25CE356100E8260C /* Release */,
			);
			defaultConfigurationIsVisible = 0;
			defaultConfigurationName = Release;
		};
		62777F5D25CE356100E8260C /* Build configuration list for PBXNativeTarget "Weather SampleTests" */ = {
			isa = XCConfigurationList;
			buildConfigurations = (
				62777F5E25CE356100E8260C /* Debug */,
				62777F5F25CE356100E8260C /* Release */,
			);
			defaultConfigurationIsVisible = 0;
			defaultConfigurationName = Release;
		};
/* End XCConfigurationList section */
	};
	rootObject = 62777F2825CE356000E8260C /* Project object */;
}
